
Microsoft Visual Studio Solution File, Format Version 12.00
# Visual Studio Version 17
VisualStudioVersion = 17.4.33403.182
MinimumVisualStudioVersion = 10.0.40219.1
Project("{FAE04EC0-301F-11D3-BF4B-00C04F79EFBC}") = "webApiPractica", "webApiPractica\webApiPractica.csproj", "{F25CF45D-0A46-4F45-A2E1-2D3E55A8C3F5}"
EndProject
Global
	GlobalSection(SolutionConfigurationPlatforms) = preSolution
		Debug|Any CPU = Debug|Any CPU
		Release|Any CPU = Release|Any CPU
	EndGlobalSection
	GlobalSection(ProjectConfigurationPlatforms) = postSolution
		{F25CF45D-0A46-4F45-A2E1-2D3E55A8C3F5}.Debug|Any CPU.ActiveCfg = Debug|Any CPU
		{F25CF45D-0A46-4F45-A2E1-2D3E55A8C3F5}.Debug|Any CPU.Build.0 = Debug|Any CPU
		{F25CF45D-0A46-4F45-A2E1-2D3E55A8C3F5}.Release|Any CPU.ActiveCfg = Release|Any CPU
		{F25CF45D-0A46-4F45-A2E1-2D3E55A8C3F5}.Release|Any CPU.Build.0 = Release|Any CPU
	EndGlobalSection
	GlobalSection(SolutionProperties) = preSolution
		HideSolutionNode = FALSE
	EndGlobalSection
	GlobalSection(ExtensibilityGlobals) = postSolution
		SolutionGuid = {12515342-C3BD-4A25-99EF-D626EA7A4C0A}
	EndGlobalSection
EndGlobal
